{
  "name": "codex-review-service",
  "version": "7.5.1",
  "lockfileVersion": 3,
  "requires": true,
  "packages": {
    "": {
      "name": "codex-review-service",
      "version": "7.5.1",
      "license": "MIT",
      "engines": {
        "node": ">=22.22.2 <23 || >=24.19.0 <25"
      }
    }
  }
}
